
Microsoft Visual Studio Solution File, Format Version 12.00
# Visual Studio Version 17
VisualStudioVersion = 17.5.002.0
MinimumVisualStudioVersion = 10.0.40219.1
Project("{9A19103F-16F7-4668-BE54-9A1E7A4F7556}") = "Apps.Lexeri", "Apps.Lexeri\Apps.Lexeri.csproj", "{068BC58F-8A7F-4EA2-854F-34AA5A4ED644}"
EndProject
Global
	GlobalSection(SolutionConfigurationPlatforms) = preSolution
		Debug|Any CPU = Debug|Any CPU
		Release|Any CPU = Release|Any CPU
	EndGlobalSection
	GlobalSection(ProjectConfigurationPlatforms) = postSolution
		{068BC58F-8A7F-4EA2-854F-34AA5A4ED644}.Debug|Any CPU.ActiveCfg = Debug|Any CPU
		{068BC58F-8A7F-4EA2-854F-34AA5A4ED644}.Debug|Any CPU.Build.0 = Debug|Any CPU
		{068BC58F-8A7F-4EA2-854F-34AA5A4ED644}.Release|Any CPU.ActiveCfg = Release|Any CPU
		{068BC58F-8A7F-4EA2-854F-34AA5A4ED644}.Release|Any CPU.Build.0 = Release|Any CPU
	EndGlobalSection
	GlobalSection(SolutionProperties) = preSolution
		HideSolutionNode = FALSE
	EndGlobalSection
	GlobalSection(ExtensibilityGlobals) = postSolution
		SolutionGuid = {730EDD12-0BB5-41F9-8BD2-A1D9EE8F6D9B}
	EndGlobalSection
EndGlobal
